
Microsoft Visual Studio Solution File, Format Version 12.00
# Visual Studio 15
VisualStudioVersion = 15.0.28307.1259
MinimumVisualStudioVersion = 10.0.40219.1
Project("{FAE04EC0-301F-11D3-BF4B-00C04F79EFBC}") = "Practice 14", "Practice 14\Practice 14.csproj", "{A7754A0A-D189-4D7F-8E8E-F26C6E7A7C5F}"
EndProject
Global
	GlobalSection(SolutionConfigurationPlatforms) = preSolution
		Debug|Any CPU = Debug|Any CPU
		Release|Any CPU = Release|Any CPU
	EndGlobalSection
	GlobalSection(ProjectConfigurationPlatforms) = postSolution
		{A7754A0A-D189-4D7F-8E8E-F26C6E7A7C5F}.Debug|Any CPU.ActiveCfg = Debug|Any CPU
		{A7754A0A-D189-4D7F-8E8E-F26C6E7A7C5F}.Debug|Any CPU.Build.0 = Debug|Any CPU
		{A7754A0A-D189-4D7F-8E8E-F26C6E7A7C5F}.Release|Any CPU.ActiveCfg = Release|Any CPU
		{A7754A0A-D189-4D7F-8E8E-F26C6E7A7C5F}.Release|Any CPU.Build.0 = Release|Any CPU
	EndGlobalSection
	GlobalSection(SolutionProperties) = preSolution
		HideSolutionNode = FALSE
	EndGlobalSection
	GlobalSection(ExtensibilityGlobals) = postSolution
		SolutionGuid = {DE81FAD5-B5E6-49A2-84BB-FD371FEFBAF4}
	EndGlobalSection
EndGlobal
